
Microsoft Visual Studio Solution File, Format Version 12.00
# Visual Studio Version 17
VisualStudioVersion = 17.8.34227.203
MinimumVisualStudioVersion = 10.0.40219.1
Project("{9A19103F-16F7-4668-BE54-9A1E7A4F7556}") = "BlazorWasnAppNet6NoneAuth.Server", "BlazorWasnAppNet6NoneAuth\Server\BlazorWasnAppNet6NoneAuth.Server.csproj", "{77C6ABB8-AE71-4D72-95A8-E0955CFD6B8E}"
EndProject
Project("{9A19103F-16F7-4668-BE54-9A1E7A4F7556}") = "BlazorWasnAppNet6NoneAuth.Client", "BlazorWasnAppNet6NoneAuth\Client\BlazorWasnAppNet6NoneAuth.Client.csproj", "{C3B08DB1-584B-4890-A7D3-284B42A06600}"
EndProject
Project("{9A19103F-16F7-4668-BE54-9A1E7A4F7556}") = "BlazorWasnAppNet6NoneAuth.Shared", "BlazorWasnAppNet6NoneAuth\Shared\BlazorWasnAppNet6NoneAuth.Shared.csproj", "{8FFE12A5-0F2A-4525-A997-C2B9FA931AB7}"
EndProject
Global
	GlobalSection(SolutionConfigurationPlatforms) = preSolution
		Debug|Any CPU = Debug|Any CPU
		Release|Any CPU = Release|Any CPU
	EndGlobalSection
	GlobalSection(ProjectConfigurationPlatforms) = postSolution
		{77C6ABB8-AE71-4D72-95A8-E0955CFD6B8E}.Debug|Any CPU.ActiveCfg = Debug|Any CPU
		{77C6ABB8-AE71-4D72-95A8-E0955CFD6B8E}.Debug|Any CPU.Build.0 = Debug|Any CPU
		{77C6ABB8-AE71-4D72-95A8-E0955CFD6B8E}.Release|Any CPU.ActiveCfg = Release|Any CPU
		{77C6ABB8-AE71-4D72-95A8-E0955CFD6B8E}.Release|Any CPU.Build.0 = Release|Any CPU
		{C3B08DB1-584B-4890-A7D3-284B42A06600}.Debug|Any CPU.ActiveCfg = Debug|Any CPU
		{C3B08DB1-584B-4890-A7D3-284B42A06600}.Debug|Any CPU.Build.0 = Debug|Any CPU
		{C3B08DB1-584B-4890-A7D3-284B42A06600}.Release|Any CPU.ActiveCfg = Release|Any CPU
		{C3B08DB1-584B-4890-A7D3-284B42A06600}.Release|Any CPU.Build.0 = Release|Any CPU
		{8FFE12A5-0F2A-4525-A997-C2B9FA931AB7}.Debug|Any CPU.ActiveCfg = Debug|Any CPU
		{8FFE12A5-0F2A-4525-A997-C2B9FA931AB7}.Debug|Any CPU.Build.0 = Debug|Any CPU
		{8FFE12A5-0F2A-4525-A997-C2B9FA931AB7}.Release|Any CPU.ActiveCfg = Release|Any CPU
		{8FFE12A5-0F2A-4525-A997-C2B9FA931AB7}.Release|Any CPU.Build.0 = Release|Any CPU
	EndGlobalSection
	GlobalSection(SolutionProperties) = preSolution
		HideSolutionNode = FALSE
	EndGlobalSection
	GlobalSection(ExtensibilityGlobals) = postSolution
		SolutionGuid = {82F8E358-0865-4548-BDF5-FF7851046BFB}
	EndGlobalSection
EndGlobal
